// !$*UTF8*$!
{
	archiveVersion = 1;
	classes = {
	};
	objectVersion = 56;
	objects = {

/* Begin PBXBuildFile section */
		CB5203C42B78EDFA00D2755B /* ExploreView.swift in Sources */ = {isa = PBXBuildFile; fileRef = CB5203C32B78EDFA00D2755B /* ExploreView.swift */; };
		CB5203C82B78EEB400D2755B /* MangaItem.swift in Sources */ = {isa = PBXBuildFile; fileRef = CB5203C72B78EEB400D2755B /* MangaItem.swift */; };
		CB99844E2B76753100E41812 /* MyMangasApp.swift in Sources */ = {isa = PBXBuildFile; fileRef = CB99844D2B76753100E41812 /* MyMangasApp.swift */; };
		CB9984502B76753100E41812 /* ContentView.swift in Sources */ = {isa = PBXBuildFile; fileRef = CB99844F2B76753100E41812 /* ContentView.swift */; };
		CB9984522B76753300E41812 /* Assets.xcassets in Resources */ = {isa = PBXBuildFile; fileRef = CB9984512B76753300E41812 /* Assets.xcassets */; };
		CB9984552B76753300E41812 /* Preview Assets.xcassets in Resources */ = {isa = PBXBuildFile; fileRef = CB9984542B76753300E41812 /* Preview Assets.xcassets */; };
		CB99845F2B76753300E41812 /* MyMangasTests.swift in Sources */ = {isa = PBXBuildFile; fileRef = CB99845E2B76753300E41812 /* MyMangasTests.swift */; };
		CB9984692B76753300E41812 /* MyMangasUITests.swift in Sources */ = {isa = PBXBuildFile; fileRef = CB9984682B76753300E41812 /* MyMangasUITests.swift */; };
		CB99846B2B76753300E41812 /* MyMangasUITestsLaunchTests.swift in Sources */ = {isa = PBXBuildFile; fileRef = CB99846A2B76753300E41812 /* MyMangasUITestsLaunchTests.swift */; };
		CBBBE74F2B7BF4700028B5BE /* MangaDetailView.swift in Sources */ = {isa = PBXBuildFile; fileRef = CBBBE74E2B7BF4700028B5BE /* MangaDetailView.swift */; };
		CBBBE7522B7BF4F90028B5BE /* MangaMock.swift in Sources */ = {isa = PBXBuildFile; fileRef = CBBBE7512B7BF4F90028B5BE /* MangaMock.swift */; };
		CBBBE7542B7CBD860028B5BE /* LibraryView.swift in Sources */ = {isa = PBXBuildFile; fileRef = CBBBE7532B7CBD860028B5BE /* LibraryView.swift */; };
		CBBBE7562B7CCD890028B5BE /* LocalLibraryModel.swift in Sources */ = {isa = PBXBuildFile; fileRef = CBBBE7552B7CCD890028B5BE /* LocalLibraryModel.swift */; };
		CBF2297F2B7906A700E43033 /* MangaListGrid.swift in Sources */ = {isa = PBXBuildFile; fileRef = CBF2297E2B7906A700E43033 /* MangaListGrid.swift */; };
		CBF229812B79250700E43033 /* MangaDTO.swift in Sources */ = {isa = PBXBuildFile; fileRef = CBF229802B79250700E43033 /* MangaDTO.swift */; };
		CBF229832B79257C00E43033 /* Presentation.swift in Sources */ = {isa = PBXBuildFile; fileRef = CBF229822B79257C00E43033 /* Presentation.swift */; };
		CBF229872B793EEE00E43033 /* MangaRepository.swift in Sources */ = {isa = PBXBuildFile; fileRef = CBF229862B793EEE00E43033 /* MangaRepository.swift */; };
		CBF229892B7940D700E43033 /* ExploreVM.swift in Sources */ = {isa = PBXBuildFile; fileRef = CBF229882B7940D700E43033 /* ExploreVM.swift */; };
/* End PBXBuildFile section */

/* Begin PBXContainerItemProxy section */
		CB99845B2B76753300E41812 /* PBXContainerItemProxy */ = {
			isa = PBXContainerItemProxy;
			containerPortal = CB9984422B76753100E41812 /* Project object */;
			proxyType = 1;
			remoteGlobalIDString = CB9984492B76753100E41812;
			remoteInfo = MyMangas;
		};
		CB9984652B76753300E41812 /* PBXContainerItemProxy */ = {
			isa = PBXContainerItemProxy;
			containerPortal = CB9984422B76753100E41812 /* Project object */;
			proxyType = 1;
			remoteGlobalIDString = CB9984492B76753100E41812;
			remoteInfo = MyMangas;
		};
/* End PBXContainerItemProxy section */

/* Begin PBXFileReference section */
		CB5203C32B78EDFA00D2755B /* ExploreView.swift */ = {isa = PBXFileReference; lastKnownFileType = sourcecode.swift; path = ExploreView.swift; sourceTree = "<group>"; };
		CB5203C72B78EEB400D2755B /* MangaItem.swift */ = {isa = PBXFileReference; lastKnownFileType = sourcecode.swift; path = MangaItem.swift; sourceTree = "<group>"; };
		CB99844A2B76753100E41812 /* MyMangas.app */ = {isa = PBXFileReference; explicitFileType = wrapper.application; includeInIndex = 0; path = MyMangas.app; sourceTree = BUILT_PRODUCTS_DIR; };
		CB99844D2B76753100E41812 /* MyMangasApp.swift */ = {isa = PBXFileReference; lastKnownFileType = sourcecode.swift; path = MyMangasApp.swift; sourceTree = "<group>"; };
		CB99844F2B76753100E41812 /* ContentView.swift */ = {isa = PBXFileReference; lastKnownFileType = sourcecode.swift; path = ContentView.swift; sourceTree = "<group>"; };
		CB9984512B76753300E41812 /* Assets.xcassets */ = {isa = PBXFileReference; lastKnownFileType = folder.assetcatalog; path = Assets.xcassets; sourceTree = "<group>"; };
		CB9984542B76753300E41812 /* Preview Assets.xcassets */ = {isa = PBXFileReference; lastKnownFileType = folder.assetcatalog; path = "Preview Assets.xcassets"; sourceTree = "<group>"; };
		CB99845A2B76753300E41812 /* MyMangasTests.xctest */ = {isa = PBXFileReference; explicitFileType = wrapper.cfbundle; includeInIndex = 0; path = MyMangasTests.xctest; sourceTree = BUILT_PRODUCTS_DIR; };
		CB99845E2B76753300E41812 /* MyMangasTests.swift */ = {isa = PBXFileReference; lastKnownFileType = sourcecode.swift; path = MyMangasTests.swift; sourceTree = "<group>"; };
		CB9984642B76753300E41812 /* MyMangasUITests.xctest */ = {isa = PBXFileReference; explicitFileType = wrapper.cfbundle; includeInIndex = 0; path = MyMangasUITests.xctest; sourceTree = BUILT_PRODUCTS_DIR; };
		CB9984682B76753300E41812 /* MyMangasUITests.swift */ = {isa = PBXFileReference; lastKnownFileType = sourcecode.swift; path = MyMangasUITests.swift; sourceTree = "<group>"; };
		CB99846A2B76753300E41812 /* MyMangasUITestsLaunchTests.swift */ = {isa = PBXFileReference; lastKnownFileType = sourcecode.swift; path = MyMangasUITestsLaunchTests.swift; sourceTree = "<group>"; };
		CBBBE74E2B7BF4700028B5BE /* MangaDetailView.swift */ = {isa = PBXFileReference; lastKnownFileType = sourcecode.swift; path = MangaDetailView.swift; sourceTree = "<group>"; };
		CBBBE7512B7BF4F90028B5BE /* MangaMock.swift */ = {isa = PBXFileReference; lastKnownFileType = sourcecode.swift; path = MangaMock.swift; sourceTree = "<group>"; };
		CBBBE7532B7CBD860028B5BE /* LibraryView.swift */ = {isa = PBXFileReference; lastKnownFileType = sourcecode.swift; path = LibraryView.swift; sourceTree = "<group>"; };
		CBBBE7552B7CCD890028B5BE /* LocalLibraryModel.swift */ = {isa = PBXFileReference; lastKnownFileType = sourcecode.swift; path = LocalLibraryModel.swift; sourceTree = "<group>"; };
		CBF2297E2B7906A700E43033 /* MangaListGrid.swift */ = {isa = PBXFileReference; lastKnownFileType = sourcecode.swift; path = MangaListGrid.swift; sourceTree = "<group>"; };
		CBF229802B79250700E43033 /* MangaDTO.swift */ = {isa = PBXFileReference; lastKnownFileType = sourcecode.swift; path = MangaDTO.swift; sourceTree = "<group>"; };
		CBF229822B79257C00E43033 /* Presentation.swift */ = {isa = PBXFileReference; lastKnownFileType = sourcecode.swift; path = Presentation.swift; sourceTree = "<group>"; };
		CBF229862B793EEE00E43033 /* MangaRepository.swift */ = {isa = PBXFileReference; lastKnownFileType = sourcecode.swift; path = MangaRepository.swift; sourceTree = "<group>"; };
		CBF229882B7940D700E43033 /* ExploreVM.swift */ = {isa = PBXFileReference; lastKnownFileType = sourcecode.swift; path = ExploreVM.swift; sourceTree = "<group>"; };
/* End PBXFileReference section */

/* Begin PBXFrameworksBuildPhase section */
		CB9984472B76753100E41812 /* Frameworks */ = {
			isa = PBXFrameworksBuildPhase;
			buildActionMask = 2147483647;
			files = (
			);
			runOnlyForDeploymentPostprocessing = 0;
		};
		CB9984572B76753300E41812 /* Frameworks */ = {
			isa = PBXFrameworksBuildPhase;
			buildActionMask = 2147483647;
			files = (
			);
			runOnlyForDeploymentPostprocessing = 0;
		};
		CB9984612B76753300E41812 /* Frameworks */ = {
			isa = PBXFrameworksBuildPhase;
			buildActionMask = 2147483647;
			files = (
			);
			runOnlyForDeploymentPostprocessing = 0;
		};
/* End PBXFrameworksBuildPhase section */

/* Begin PBXGroup section */
		CB5203C02B78ED0800D2755B /* Components */ = {
			isa = PBXGroup;
			children = (
				CB5203C32B78EDFA00D2755B /* ExploreView.swift */,
				CB5203C72B78EEB400D2755B /* MangaItem.swift */,
				CBF2297E2B7906A700E43033 /* MangaListGrid.swift */,
				CBBBE74E2B7BF4700028B5BE /* MangaDetailView.swift */,
				CBBBE7532B7CBD860028B5BE /* LibraryView.swift */,
			);
			path = Components;
			sourceTree = "<group>";
		};
		CB5203C12B78ED3A00D2755B /* ViewModel */ = {
			isa = PBXGroup;
			children = (
				CBF229882B7940D700E43033 /* ExploreVM.swift */,
			);
			path = ViewModel;
			sourceTree = "<group>";
		};
		CB5203C22B78ED6800D2755B /* Models */ = {
			isa = PBXGroup;
			children = (
				CBF229802B79250700E43033 /* MangaDTO.swift */,
				CBF229822B79257C00E43033 /* Presentation.swift */,
				CBBBE7552B7CCD890028B5BE /* LocalLibraryModel.swift */,
			);
			path = Models;
			sourceTree = "<group>";
		};
		CB9984412B76753100E41812 = {
			isa = PBXGroup;
			children = (
				CB99844C2B76753100E41812 /* MyMangas */,
				CB99845D2B76753300E41812 /* MyMangasTests */,
				CB9984672B76753300E41812 /* MyMangasUITests */,
				CB99844B2B76753100E41812 /* Products */,
			);
			sourceTree = "<group>";
		};
		CB99844B2B76753100E41812 /* Products */ = {
			isa = PBXGroup;
			children = (
				CB99844A2B76753100E41812 /* MyMangas.app */,
				CB99845A2B76753300E41812 /* MyMangasTests.xctest */,
				CB9984642B76753300E41812 /* MyMangasUITests.xctest */,
			);
			name = Products;
			sourceTree = "<group>";
		};
		CB99844C2B76753100E41812 /* MyMangas */ = {
			isa = PBXGroup;
			children = (
				CBBBE7502B7BF4E70028B5BE /* Mocks */,
				CBF229852B793E9400E43033 /* Repositories */,
				CB5203C22B78ED6800D2755B /* Models */,
				CB5203C12B78ED3A00D2755B /* ViewModel */,
				CB5203C02B78ED0800D2755B /* Components */,
				CB99844D2B76753100E41812 /* MyMangasApp.swift */,
				CB99844F2B76753100E41812 /* ContentView.swift */,
				CB9984512B76753300E41812 /* Assets.xcassets */,
				CB9984532B76753300E41812 /* Preview Content */,
			);
			path = MyMangas;
			sourceTree = "<group>";
		};
		CB9984532B76753300E41812 /* Preview Content */ = {
			isa = PBXGroup;
			children = (
				CB9984542B76753300E41812 /* Preview Assets.xcassets */,
			);
			path = "Preview Content";
			sourceTree = "<group>";
		};
		CB99845D2B76753300E41812 /* MyMangasTests */ = {
			isa = PBXGroup;
			children = (
				CB99845E2B76753300E41812 /* MyMangasTests.swift */,
			);
			path = MyMangasTests;
			sourceTree = "<group>";
		};
		CB9984672B76753300E41812 /* MyMangasUITests */ = {
			isa = PBXGroup;
			children = (
				CB9984682B76753300E41812 /* MyMangasUITests.swift */,
				CB99846A2B76753300E41812 /* MyMangasUITestsLaunchTests.swift */,
			);
			path = MyMangasUITests;
			sourceTree = "<group>";
		};
		CBBBE7502B7BF4E70028B5BE /* Mocks */ = {
			isa = PBXGroup;
			children = (
				CBBBE7512B7BF4F90028B5BE /* MangaMock.swift */,
			);
			path = Mocks;
			sourceTree = "<group>";
		};
		CBF229852B793E9400E43033 /* Repositories */ = {
			isa = PBXGroup;
			children = (
				CBF229862B793EEE00E43033 /* MangaRepository.swift */,
			);
			path = Repositories;
			sourceTree = "<group>";
		};
/* End PBXGroup section */

/* Begin PBXNativeTarget section */
		CB9984492B76753100E41812 /* MyMangas */ = {
			isa = PBXNativeTarget;
			buildConfigurationList = CB99846E2B76753300E41812 /* Build configuration list for PBXNativeTarget "MyMangas" */;
			buildPhases = (
				CB9984462B76753100E41812 /* Sources */,
				CB9984472B76753100E41812 /* Frameworks */,
				CB9984482B76753100E41812 /* Resources */,
			);
			buildRules = (
			);
			dependencies = (
			);
			name = MyMangas;
			productName = MyMangas;
			productReference = CB99844A2B76753100E41812 /* MyMangas.app */;
			productType = "com.apple.product-type.application";
		};
		CB9984592B76753300E41812 /* MyMangasTests */ = {
			isa = PBXNativeTarget;
			buildConfigurationList = CB9984712B76753300E41812 /* Build configuration list for PBXNativeTarget "MyMangasTests" */;
			buildPhases = (
				CB9984562B76753300E41812 /* Sources */,
				CB9984572B76753300E41812 /* Frameworks */,
				CB9984582B76753300E41812 /* Resources */,
			);
			buildRules = (
			);
			dependencies = (
				CB99845C2B76753300E41812 /* PBXTargetDependency */,
			);
			name = MyMangasTests;
			productName = MyMangasTests;
			productReference = CB99845A2B76753300E41812 /* MyMangasTests.xctest */;
			productType = "com.apple.product-type.bundle.unit-test";
		};
		CB9984632B76753300E41812 /* MyMangasUITests */ = {
			isa = PBXNativeTarget;
			buildConfigurationList = CB9984742B76753300E41812 /* Build configuration list for PBXNativeTarget "MyMangasUITests" */;
			buildPhases = (
				CB9984602B76753300E41812 /* Sources */,
				CB9984612B76753300E41812 /* Frameworks */,
				CB9984622B76753300E41812 /* Resources */,
			);
			buildRules = (
			);
			dependencies = (
				CB9984662B76753300E41812 /* PBXTargetDependency */,
			);
			name = MyMangasUITests;
			productName = MyMangasUITests;
			productReference = CB9984642B76753300E41812 /* MyMangasUITests.xctest */;
			productType = "com.apple.product-type.bundle.ui-testing";
		};
/* End PBXNativeTarget section */

/* Begin PBXProject section */
		CB9984422B76753100E41812 /* Project object */ = {
			isa = PBXProject;
			attributes = {
				BuildIndependentTargetsInParallel = 1;
				LastSwiftUpdateCheck = 1400;
				LastUpgradeCheck = 1400;
				TargetAttributes = {
					CB9984492B76753100E41812 = {
						CreatedOnToolsVersion = 14.0.1;
					};
					CB9984592B76753300E41812 = {
						CreatedOnToolsVersion = 14.0.1;
						TestTargetID = CB9984492B76753100E41812;
					};
					CB9984632B76753300E41812 = {
						CreatedOnToolsVersion = 14.0.1;
						TestTargetID = CB9984492B76753100E41812;
					};
				};
			};
			buildConfigurationList = CB9984452B76753100E41812 /* Build configuration list for PBXProject "MyMangas" */;
			compatibilityVersion = "Xcode 14.0";
			developmentRegion = en;
			hasScannedForEncodings = 0;
			knownRegions = (
				en,
				Base,
			);
			mainGroup = CB9984412B76753100E41812;
			productRefGroup = CB99844B2B76753100E41812 /* Products */;
			projectDirPath = "";
			projectRoot = "";
			targets = (
				CB9984492B76753100E41812 /* MyMangas */,
				CB9984592B76753300E41812 /* MyMangasTests */,
				CB9984632B76753300E41812 /* MyMangasUITests */,
			);
		};
/* End PBXProject section */

/* Begin PBXResourcesBuildPhase section */
		CB9984482B76753100E41812 /* Resources */ = {
			isa = PBXResourcesBuildPhase;
			buildActionMask = 2147483647;
			files = (
				CB9984552B76753300E41812 /* Preview Assets.xcassets in Resources */,
				CB9984522B76753300E41812 /* Assets.xcassets in Resources */,
			);
			runOnlyForDeploymentPostprocessing = 0;
		};
		CB9984582B76753300E41812 /* Resources */ = {
			isa = PBXResourcesBuildPhase;
			buildActionMask = 2147483647;
			files = (
			);
			runOnlyForDeploymentPostprocessing = 0;
		};
		CB9984622B76753300E41812 /* Resources */ = {
			isa = PBXResourcesBuildPhase;
			buildActionMask = 2147483647;
			files = (
			);
			runOnlyForDeploymentPostprocessing = 0;
		};
/* End PBXResourcesBuildPhase section */

/* Begin PBXSourcesBuildPhase section */
		CB9984462B76753100E41812 /* Sources */ = {
			isa = PBXSourcesBuildPhase;
			buildActionMask = 2147483647;
			files = (
				CB9984502B76753100E41812 /* ContentView.swift in Sources */,
				CBBBE7522B7BF4F90028B5BE /* MangaMock.swift in Sources */,
				CBF229832B79257C00E43033 /* Presentation.swift in Sources */,
				CB5203C82B78EEB400D2755B /* MangaItem.swift in Sources */,
				CBBBE7542B7CBD860028B5BE /* LibraryView.swift in Sources */,
				CBF2297F2B7906A700E43033 /* MangaListGrid.swift in Sources */,
				CBF229892B7940D700E43033 /* ExploreVM.swift in Sources */,
				CBF229872B793EEE00E43033 /* MangaRepository.swift in Sources */,
				CB5203C42B78EDFA00D2755B /* ExploreView.swift in Sources */,
				CBF229812B79250700E43033 /* MangaDTO.swift in Sources */,
				CBBBE74F2B7BF4700028B5BE /* MangaDetailView.swift in Sources */,
				CB99844E2B76753100E41812 /* MyMangasApp.swift in Sources */,
				CBBBE7562B7CCD890028B5BE /* LocalLibraryModel.swift in Sources */,
			);
			runOnlyForDeploymentPostprocessing = 0;
		};
		CB9984562B76753300E41812 /* Sources */ = {
			isa = PBXSourcesBuildPhase;
			buildActionMask = 2147483647;
			files = (
				CB99845F2B76753300E41812 /* MyMangasTests.swift in Sources */,
			);
			runOnlyForDeploymentPostprocessing = 0;
		};
		CB9984602B76753300E41812 /* Sources */ = {
			isa = PBXSourcesBuildPhase;
			buildActionMask = 2147483647;
			files = (
				CB99846B2B76753300E41812 /* MyMangasUITestsLaunchTests.swift in Sources */,
				CB9984692B76753300E41812 /* MyMangasUITests.swift in Sources */,
			);
			runOnlyForDeploymentPostprocessing = 0;
		};
/* End PBXSourcesBuildPhase section */

/* Begin PBXTargetDependency section */
		CB99845C2B76753300E41812 /* PBXTargetDependency */ = {
			isa = PBXTargetDependency;
			target = CB9984492B76753100E41812 /* MyMangas */;
			targetProxy = CB99845B2B76753300E41812 /* PBXContainerItemProxy */;
		};
		CB9984662B76753300E41812 /* PBXTargetDependency */ = {
			isa = PBXTargetDependency;
			target = CB9984492B76753100E41812 /* MyMangas */;
			targetProxy = CB9984652B76753300E41812 /* PBXContainerItemProxy */;
		};
/* End PBXTargetDependency section */

/* Begin XCBuildConfiguration section */
		CB99846C2B76753300E41812 /* Debug */ = {
			isa = XCBuildConfiguration;
			buildSettings = {
				ALWAYS_SEARCH_USER_PATHS = NO;
				CLANG_ANALYZER_NONNULL = YES;
				CLANG_ANALYZER_NUMBER_OBJECT_CONVERSION = YES_AGGRESSIVE;
				CLANG_CXX_LANGUAGE_STANDARD = "gnu++20";
				CLANG_ENABLE_MODULES = YES;
				CLANG_ENABLE_OBJC_ARC = YES;
				CLANG_ENABLE_OBJC_WEAK = YES;
				CLANG_WARN_BLOCK_CAPTURE_AUTORELEASING = YES;
				CLANG_WARN_BOOL_CONVERSION = YES;
				CLANG_WARN_COMMA = YES;
				CLANG_WARN_CONSTANT_CONVERSION = YES;
				CLANG_WARN_DEPRECATED_OBJC_IMPLEMENTATIONS = YES;
				CLANG_WARN_DIRECT_OBJC_ISA_USAGE = YES_ERROR;
				CLANG_WARN_DOCUMENTATION_COMMENTS = YES;
				CLANG_WARN_EMPTY_BODY = YES;
				CLANG_WARN_ENUM_CONVERSION = YES;
				CLANG_WARN_INFINITE_RECURSION = YES;
				CLANG_WARN_INT_CONVERSION = YES;
				CLANG_WARN_NON_LITERAL_NULL_CONVERSION = YES;
				CLANG_WARN_OBJC_IMPLICIT_RETAIN_SELF = YES;
				CLANG_WARN_OBJC_LITERAL_CONVERSION = YES;
				CLANG_WARN_OBJC_ROOT_CLASS = YES_ERROR;
				CLANG_WARN_QUOTED_INCLUDE_IN_FRAMEWORK_HEADER = YES;
				CLANG_WARN_RANGE_LOOP_ANALYSIS = YES;
				CLANG_WARN_STRICT_PROTOTYPES = YES;
				CLANG_WARN_SUSPICIOUS_MOVE = YES;
				CLANG_WARN_UNGUARDED_AVAILABILITY = YES_AGGRESSIVE;
				CLANG_WARN_UNREACHABLE_CODE = YES;
				CLANG_WARN__DUPLICATE_METHOD_MATCH = YES;
				COPY_PHASE_STRIP = NO;
				DEBUG_INFORMATION_FORMAT = dwarf;
				ENABLE_STRICT_OBJC_MSGSEND = YES;
				ENABLE_TESTABILITY = YES;
				GCC_C_LANGUAGE_STANDARD = gnu11;
				GCC_DYNAMIC_NO_PIC = NO;
				GCC_NO_COMMON_BLOCKS = YES;
				GCC_OPTIMIZATION_LEVEL = 0;
				GCC_PREPROCESSOR_DEFINITIONS = (
					"DEBUG=1",
					"$(inherited)",
				);
				GCC_WARN_64_TO_32_BIT_CONVERSION = YES;
				GCC_WARN_ABOUT_RETURN_TYPE = YES_ERROR;
				GCC_WARN_UNDECLARED_SELECTOR = YES;
				GCC_WARN_UNINITIALIZED_AUTOS = YES_AGGRESSIVE;
				GCC_WARN_UNUSED_FUNCTION = YES;
				GCC_WARN_UNUSED_VARIABLE = YES;
				IPHONEOS_DEPLOYMENT_TARGET = 16.0;
				MTL_ENABLE_DEBUG_INFO = INCLUDE_SOURCE;
				MTL_FAST_MATH = YES;
				ONLY_ACTIVE_ARCH = YES;
				SDKROOT = iphoneos;
				SWIFT_ACTIVE_COMPILATION_CONDITIONS = DEBUG;
				SWIFT_OPTIMIZATION_LEVEL = "-Onone";
			};
			name = Debug;
		};
		CB99846D2B76753300E41812 /* Release */ = {
			isa = XCBuildConfiguration;
			buildSettings = {
				ALWAYS_SEARCH_USER_PATHS = NO;
				CLANG_ANALYZER_NONNULL = YES;
				CLANG_ANALYZER_NUMBER_OBJECT_CONVERSION = YES_AGGRESSIVE;
				CLANG_CXX_LANGUAGE_STANDARD = "gnu++20";
				CLANG_ENABLE_MODULES = YES;
				CLANG_ENABLE_OBJC_ARC = YES;
				CLANG_ENABLE_OBJC_WEAK = YES;
				CLANG_WARN_BLOCK_CAPTURE_AUTORELEASING = YES;
				CLANG_WARN_BOOL_CONVERSION = YES;
				CLANG_WARN_COMMA = YES;
				CLANG_WARN_CONSTANT_CONVERSION = YES;
				CLANG_WARN_DEPRECATED_OBJC_IMPLEMENTATIONS = YES;
				CLANG_WARN_DIRECT_OBJC_ISA_USAGE = YES_ERROR;
				CLANG_WARN_DOCUMENTATION_COMMENTS = YES;
				CLANG_WARN_EMPTY_BODY = YES;
				CLANG_WARN_ENUM_CONVERSION = YES;
				CLANG_WARN_INFINITE_RECURSION = YES;
				CLANG_WARN_INT_CONVERSION = YES;
				CLANG_WARN_NON_LITERAL_NULL_CONVERSION = YES;
				CLANG_WARN_OBJC_IMPLICIT_RETAIN_SELF = YES;
				CLANG_WARN_OBJC_LITERAL_CONVERSION = YES;
				CLANG_WARN_OBJC_ROOT_CLASS = YES_ERROR;
				CLANG_WARN_QUOTED_INCLUDE_IN_FRAMEWORK_HEADER = YES;
				CLANG_WARN_RANGE_LOOP_ANALYSIS = YES;
				CLANG_WARN_STRICT_PROTOTYPES = YES;
				CLANG_WARN_SUSPICIOUS_MOVE = YES;
				CLANG_WARN_UNGUARDED_AVAILABILITY = YES_AGGRESSIVE;
				CLANG_WARN_UNREACHABLE_CODE = YES;
				CLANG_WARN__DUPLICATE_METHOD_MATCH = YES;
				COPY_PHASE_STRIP = NO;
				DEBUG_INFORMATION_FORMAT = "dwarf-with-dsym";
				ENABLE_NS_ASSERTIONS = NO;
				ENABLE_STRICT_OBJC_MSGSEND = YES;
				GCC_C_LANGUAGE_STANDARD = gnu11;
				GCC_NO_COMMON_BLOCKS = YES;
				GCC_WARN_64_TO_32_BIT_CONVERSION = YES;
				GCC_WARN_ABOUT_RETURN_TYPE = YES_ERROR;
				GCC_WARN_UNDECLARED_SELECTOR = YES;
				GCC_WARN_UNINITIALIZED_AUTOS = YES_AGGRESSIVE;
				GCC_WARN_UNUSED_FUNCTION = YES;
				GCC_WARN_UNUSED_VARIABLE = YES;
				IPHONEOS_DEPLOYMENT_TARGET = 16.0;
				MTL_ENABLE_DEBUG_INFO = NO;
				MTL_FAST_MATH = YES;
				SDKROOT = iphoneos;
				SWIFT_COMPILATION_MODE = wholemodule;
				SWIFT_OPTIMIZATION_LEVEL = "-O";
				VALIDATE_PRODUCT = YES;
			};
			name = Release;
		};
		CB99846F2B76753300E41812 /* Debug */ = {
			isa = XCBuildConfiguration;
			buildSettings = {
				ASSETCATALOG_COMPILER_APPICON_NAME = AppIcon;
				ASSETCATALOG_COMPILER_GLOBAL_ACCENT_COLOR_NAME = AccentColor;
				CODE_SIGN_STYLE = Automatic;
				CURRENT_PROJECT_VERSION = 1;
				DEVELOPMENT_ASSET_PATHS = "\"MyMangas/Preview Content\"";
				ENABLE_PREVIEWS = YES;
				GENERATE_INFOPLIST_FILE = YES;
				INFOPLIST_KEY_UIApplicationSceneManifest_Generation = YES;
				INFOPLIST_KEY_UIApplicationSupportsIndirectInputEvents = YES;
				INFOPLIST_KEY_UILaunchScreen_Generation = YES;
				INFOPLIST_KEY_UISupportedInterfaceOrientations_iPad = "UIInterfaceOrientationPortrait UIInterfaceOrientationPortraitUpsideDown UIInterfaceOrientationLandscapeLeft UIInterfaceOrientationLandscapeRight";
				INFOPLIST_KEY_UISupportedInterfaceOrientations_iPhone = "UIInterfaceOrientationPortrait UIInterfaceOrientationLandscapeLeft UIInterfaceOrientationLandscapeRight";
				LD_RUNPATH_SEARCH_PATHS = (
					"$(inherited)",
					"@executable_path/Frameworks",
				);
				MARKETING_VERSION = 1.0;
				PRODUCT_BUNDLE_IDENTIFIER = bsantome.MyMangas;
				PRODUCT_NAME = "$(TARGET_NAME)";
				SWIFT_EMIT_LOC_STRINGS = YES;
				SWIFT_VERSION = 5.0;
				TARGETED_DEVICE_FAMILY = "1,2";
			};
			name = Debug;
		};
		CB9984702B76753300E41812 /* Release */ = {
			isa = XCBuildConfiguration;
			buildSettings = {
				ASSETCATALOG_COMPILER_APPICON_NAME = AppIcon;
				ASSETCATALOG_COMPILER_GLOBAL_ACCENT_COLOR_NAME = AccentColor;
				CODE_SIGN_STYLE = Automatic;
				CURRENT_PROJECT_VERSION = 1;
				DEVELOPMENT_ASSET_PATHS = "\"MyMangas/Preview Content\"";
				ENABLE_PREVIEWS = YES;
				GENERATE_INFOPLIST_FILE = YES;
				INFOPLIST_KEY_UIApplicationSceneManifest_Generation = YES;
				INFOPLIST_KEY_UIApplicationSupportsIndirectInputEvents = YES;
				INFOPLIST_KEY_UILaunchScreen_Generation = YES;
				INFOPLIST_KEY_UISupportedInterfaceOrientations_iPad = "UIInterfaceOrientationPortrait UIInterfaceOrientationPortraitUpsideDown UIInterfaceOrientationLandscapeLeft UIInterfaceOrientationLandscapeRight";
				INFOPLIST_KEY_UISupportedInterfaceOrientations_iPhone = "UIInterfaceOrientationPortrait UIInterfaceOrientationLandscapeLeft UIInterfaceOrientationLandscapeRight";
				LD_RUNPATH_SEARCH_PATHS = (
					"$(inherited)",
					"@executable_path/Frameworks",
				);
				MARKETING_VERSION = 1.0;
				PRODUCT_BUNDLE_IDENTIFIER = bsantome.MyMangas;
				PRODUCT_NAME = "$(TARGET_NAME)";
				SWIFT_EMIT_LOC_STRINGS = YES;
				SWIFT_VERSION = 5.0;
				TARGETED_DEVICE_FAMILY = "1,2";
			};
			name = Release;
		};
		CB9984722B76753300E41812 /* Debug */ = {
			isa = XCBuildConfiguration;
			buildSettings = {
				ALWAYS_EMBED_SWIFT_STANDARD_LIBRARIES = YES;
				BUNDLE_LOADER = "$(TEST_HOST)";
				CODE_SIGN_STYLE = Automatic;
				CURRENT_PROJECT_VERSION = 1;
				GENERATE_INFOPLIST_FILE = YES;
				IPHONEOS_DEPLOYMENT_TARGET = 16.0;
				MARKETING_VERSION = 1.0;
				PRODUCT_BUNDLE_IDENTIFIER = bsantome.MyMangasTests;
				PRODUCT_NAME = "$(TARGET_NAME)";
				SWIFT_EMIT_LOC_STRINGS = NO;
				SWIFT_VERSION = 5.0;
				TARGETED_DEVICE_FAMILY = "1,2";
				TEST_HOST = "$(BUILT_PRODUCTS_DIR)/MyMangas.app/$(BUNDLE_EXECUTABLE_FOLDER_PATH)/MyMangas";
			};
			name = Debug;
		};
		CB9984732B76753300E41812 /* Release */ = {
			isa = XCBuildConfiguration;
			buildSettings = {
				ALWAYS_EMBED_SWIFT_STANDARD_LIBRARIES = YES;
				BUNDLE_LOADER = "$(TEST_HOST)";
				CODE_SIGN_STYLE = Automatic;
				CURRENT_PROJECT_VERSION = 1;
				GENERATE_INFOPLIST_FILE = YES;
				IPHONEOS_DEPLOYMENT_TARGET = 16.0;
				MARKETING_VERSION = 1.0;
				PRODUCT_BUNDLE_IDENTIFIER = bsantome.MyMangasTests;
				PRODUCT_NAME = "$(TARGET_NAME)";
				SWIFT_EMIT_LOC_STRINGS = NO;
				SWIFT_VERSION = 5.0;
				TARGETED_DEVICE_FAMILY = "1,2";
				TEST_HOST = "$(BUILT_PRODUCTS_DIR)/MyMangas.app/$(BUNDLE_EXECUTABLE_FOLDER_PATH)/MyMangas";
			};
			name = Release;
		};
		CB9984752B76753300E41812 /* Debug */ = {
			isa = XCBuildConfiguration;
			buildSettings = {
				ALWAYS_EMBED_SWIFT_STANDARD_LIBRARIES = YES;
				CODE_SIGN_STYLE = Automatic;
				CURRENT_PROJECT_VERSION = 1;
				GENERATE_INFOPLIST_FILE = YES;
				MARKETING_VERSION = 1.0;
				PRODUCT_BUNDLE_IDENTIFIER = bsantome.MyMangasUITests;
				PRODUCT_NAME = "$(TARGET_NAME)";
				SWIFT_EMIT_LOC_STRINGS = NO;
				SWIFT_VERSION = 5.0;
				TARGETED_DEVICE_FAMILY = "1,2";
				TEST_TARGET_NAME = MyMangas;
			};
			name = Debug;
		};
		CB9984762B76753300E41812 /* Release */ = {
			isa = XCBuildConfiguration;
			buildSettings = {
				ALWAYS_EMBED_SWIFT_STANDARD_LIBRARIES = YES;
				CODE_SIGN_STYLE = Automatic;
				CURRENT_PROJECT_VERSION = 1;
				GENERATE_INFOPLIST_FILE = YES;
				MARKETING_VERSION = 1.0;
				PRODUCT_BUNDLE_IDENTIFIER = bsantome.MyMangasUITests;
				PRODUCT_NAME = "$(TARGET_NAME)";
				SWIFT_EMIT_LOC_STRINGS = NO;
				SWIFT_VERSION = 5.0;
				TARGETED_DEVICE_FAMILY = "1,2";
				TEST_TARGET_NAME = MyMangas;
			};
			name = Release;
		};
/* End XCBuildConfiguration section */

/* Begin XCConfigurationList section */
		CB9984452B76753100E41812 /* Build configuration list for PBXProject "MyMangas" */ = {
			isa = XCConfigurationList;
			buildConfigurations = (
				CB99846C2B76753300E41812 /* Debug */,
				CB99846D2B76753300E41812 /* Release */,
			);
			defaultConfigurationIsVisible = 0;
			defaultConfigurationName = Release;
		};
		CB99846E2B76753300E41812 /* Build configuration list for PBXNativeTarget "MyMangas" */ = {
			isa = XCConfigurationList;
			buildConfigurations = (
				CB99846F2B76753300E41812 /* Debug */,
				CB9984702B76753300E41812 /* Release */,
			);
			defaultConfigurationIsVisible = 0;
			defaultConfigurationName = Release;
		};
		CB9984712B76753300E41812 /* Build configuration list for PBXNativeTarget "MyMangasTests" */ = {
			isa = XCConfigurationList;
			buildConfigurations = (
				CB9984722B76753300E41812 /* Debug */,
				CB9984732B76753300E41812 /* Release */,
			);
			defaultConfigurationIsVisible = 0;
			defaultConfigurationName = Release;
		};
		CB9984742B76753300E41812 /* Build configuration list for PBXNativeTarget "MyMangasUITests" */ = {
			isa = XCConfigurationList;
			buildConfigurations = (
				CB9984752B76753300E41812 /* Debug */,
				CB9984762B76753300E41812 /* Release */,
			);
			defaultConfigurationIsVisible = 0;
			defaultConfigurationName = Release;
		};
/* End XCConfigurationList section */
	};
	rootObject = CB9984422B76753100E41812 /* Project object */;
}
